
Microsoft Visual Studio Solution File, Format Version 12.00
# Visual Studio Version 17
VisualStudioVersion = 17.5.33627.172
MinimumVisualStudioVersion = 10.0.40219.1
Project("{FAE04EC0-301F-11D3-BF4B-00C04F79EFBC}") = "sin_IPChange", "sin_IPChange\sin_IPChange.csproj", "{3AC0A177-0B80-44FB-8F5D-7AAA380F1550}"
EndProject
Global
	GlobalSection(SolutionConfigurationPlatforms) = preSolution
		Debug|Any CPU = Debug|Any CPU
		Release|Any CPU = Release|Any CPU
	EndGlobalSection
	GlobalSection(ProjectConfigurationPlatforms) = postSolution
		{3AC0A177-0B80-44FB-8F5D-7AAA380F1550}.Debug|Any CPU.ActiveCfg = Debug|Any CPU
		{3AC0A177-0B80-44FB-8F5D-7AAA380F1550}.Debug|Any CPU.Build.0 = Debug|Any CPU
		{3AC0A177-0B80-44FB-8F5D-7AAA380F1550}.Release|Any CPU.ActiveCfg = Release|Any CPU
		{3AC0A177-0B80-44FB-8F5D-7AAA380F1550}.Release|Any CPU.Build.0 = Release|Any CPU
	EndGlobalSection
	GlobalSection(SolutionProperties) = preSolution
		HideSolutionNode = FALSE
	EndGlobalSection
	GlobalSection(ExtensibilityGlobals) = postSolution
		SolutionGuid = {6056C8B0-F5A1-4D25-ADDA-5D1FBA3A8A06}
	EndGlobalSection
EndGlobal
