
Microsoft Visual Studio Solution File, Format Version 12.00
# Visual Studio Version 17
VisualStudioVersion = 17.5.33627.172
MinimumVisualStudioVersion = 10.0.40219.1
Project("{FAE04EC0-301F-11D3-BF4B-00C04F79EFBC}") = "sin_EventNumCatch", "sin_EventNumCatch\sin_EventNumCatch.csproj", "{AB3829B2-96F7-4658-AA0C-4251FD895A59}"
EndProject
Global
	GlobalSection(SolutionConfigurationPlatforms) = preSolution
		Debug|Any CPU = Debug|Any CPU
		Release|Any CPU = Release|Any CPU
	EndGlobalSection
	GlobalSection(ProjectConfigurationPlatforms) = postSolution
		{AB3829B2-96F7-4658-AA0C-4251FD895A59}.Debug|Any CPU.ActiveCfg = Debug|Any CPU
		{AB3829B2-96F7-4658-AA0C-4251FD895A59}.Debug|Any CPU.Build.0 = Debug|Any CPU
		{AB3829B2-96F7-4658-AA0C-4251FD895A59}.Release|Any CPU.ActiveCfg = Release|Any CPU
		{AB3829B2-96F7-4658-AA0C-4251FD895A59}.Release|Any CPU.Build.0 = Release|Any CPU
	EndGlobalSection
	GlobalSection(SolutionProperties) = preSolution
		HideSolutionNode = FALSE
	EndGlobalSection
	GlobalSection(ExtensibilityGlobals) = postSolution
		SolutionGuid = {DF7A297A-FEC1-4F82-911F-FBFDC6E95699}
	EndGlobalSection
EndGlobal
