
Microsoft Visual Studio Solution File, Format Version 12.00
# Visual Studio Version 17
VisualStudioVersion = 17.5.33627.172
MinimumVisualStudioVersion = 10.0.40219.1
Project("{FAE04EC0-301F-11D3-BF4B-00C04F79EFBC}") = "sin_NetDriveConnector", "sin_NetDriveConnector\sin_NetDriveConnector.csproj", "{18C44E15-2753-4CB5-807C-3EC43A24D034}"
EndProject
Global
	GlobalSection(SolutionConfigurationPlatforms) = preSolution
		Debug|Any CPU = Debug|Any CPU
		Release|Any CPU = Release|Any CPU
	EndGlobalSection
	GlobalSection(ProjectConfigurationPlatforms) = postSolution
		{18C44E15-2753-4CB5-807C-3EC43A24D034}.Debug|Any CPU.ActiveCfg = Debug|Any CPU
		{18C44E15-2753-4CB5-807C-3EC43A24D034}.Debug|Any CPU.Build.0 = Debug|Any CPU
		{18C44E15-2753-4CB5-807C-3EC43A24D034}.Release|Any CPU.ActiveCfg = Release|Any CPU
		{18C44E15-2753-4CB5-807C-3EC43A24D034}.Release|Any CPU.Build.0 = Release|Any CPU
	EndGlobalSection
	GlobalSection(SolutionProperties) = preSolution
		HideSolutionNode = FALSE
	EndGlobalSection
	GlobalSection(ExtensibilityGlobals) = postSolution
		SolutionGuid = {B0FF81EC-088C-4567-A6DB-A6E41A16EA11}
	EndGlobalSection
EndGlobal
