
Microsoft Visual Studio Solution File, Format Version 12.00
# Visual Studio Version 17
VisualStudioVersion = 17.5.33627.172
MinimumVisualStudioVersion = 10.0.40219.1
Project("{FAE04EC0-301F-11D3-BF4B-00C04F79EFBC}") = "sin_FileReader", "sin_FileReader\sin_FileReader.csproj", "{066DFFBE-E5F3-4861-A85C-58F9F7B02623}"
EndProject
Global
	GlobalSection(SolutionConfigurationPlatforms) = preSolution
		Debug|Any CPU = Debug|Any CPU
		Release|Any CPU = Release|Any CPU
	EndGlobalSection
	GlobalSection(ProjectConfigurationPlatforms) = postSolution
		{066DFFBE-E5F3-4861-A85C-58F9F7B02623}.Debug|Any CPU.ActiveCfg = Debug|Any CPU
		{066DFFBE-E5F3-4861-A85C-58F9F7B02623}.Debug|Any CPU.Build.0 = Debug|Any CPU
		{066DFFBE-E5F3-4861-A85C-58F9F7B02623}.Release|Any CPU.ActiveCfg = Release|Any CPU
		{066DFFBE-E5F3-4861-A85C-58F9F7B02623}.Release|Any CPU.Build.0 = Release|Any CPU
	EndGlobalSection
	GlobalSection(SolutionProperties) = preSolution
		HideSolutionNode = FALSE
	EndGlobalSection
	GlobalSection(ExtensibilityGlobals) = postSolution
		SolutionGuid = {7EC5C226-C2DD-4079-9848-AC04DCF62682}
	EndGlobalSection
EndGlobal
