
Microsoft Visual Studio Solution File, Format Version 12.00
# Visual Studio Version 17
VisualStudioVersion = 17.5.33627.172
MinimumVisualStudioVersion = 10.0.40219.1
Project("{FAE04EC0-301F-11D3-BF4B-00C04F79EFBC}") = "sin_ThreadLife", "sin_ThreadLife\sin_ThreadLife.csproj", "{A932F590-5081-4FAA-BCFD-5B14527126F3}"
EndProject
Global
	GlobalSection(SolutionConfigurationPlatforms) = preSolution
		Debug|Any CPU = Debug|Any CPU
		Release|Any CPU = Release|Any CPU
	EndGlobalSection
	GlobalSection(ProjectConfigurationPlatforms) = postSolution
		{A932F590-5081-4FAA-BCFD-5B14527126F3}.Debug|Any CPU.ActiveCfg = Debug|Any CPU
		{A932F590-5081-4FAA-BCFD-5B14527126F3}.Debug|Any CPU.Build.0 = Debug|Any CPU
		{A932F590-5081-4FAA-BCFD-5B14527126F3}.Release|Any CPU.ActiveCfg = Release|Any CPU
		{A932F590-5081-4FAA-BCFD-5B14527126F3}.Release|Any CPU.Build.0 = Release|Any CPU
	EndGlobalSection
	GlobalSection(SolutionProperties) = preSolution
		HideSolutionNode = FALSE
	EndGlobalSection
	GlobalSection(ExtensibilityGlobals) = postSolution
		SolutionGuid = {BEB5912C-6D13-40BA-9422-53FB893DABAC}
	EndGlobalSection
EndGlobal
