
Microsoft Visual Studio Solution File, Format Version 12.00
# Visual Studio Version 17
VisualStudioVersion = 17.5.33627.172
MinimumVisualStudioVersion = 10.0.40219.1
Project("{FAE04EC0-301F-11D3-BF4B-00C04F79EFBC}") = "sin_FileInfoSave", "sin_FileInfoSave\sin_FileInfoSave.csproj", "{3D89959D-7D68-4BC9-988A-A5827E1C2970}"
EndProject
Global
	GlobalSection(SolutionConfigurationPlatforms) = preSolution
		Debug|Any CPU = Debug|Any CPU
		Release|Any CPU = Release|Any CPU
	EndGlobalSection
	GlobalSection(ProjectConfigurationPlatforms) = postSolution
		{3D89959D-7D68-4BC9-988A-A5827E1C2970}.Debug|Any CPU.ActiveCfg = Debug|Any CPU
		{3D89959D-7D68-4BC9-988A-A5827E1C2970}.Debug|Any CPU.Build.0 = Debug|Any CPU
		{3D89959D-7D68-4BC9-988A-A5827E1C2970}.Release|Any CPU.ActiveCfg = Release|Any CPU
		{3D89959D-7D68-4BC9-988A-A5827E1C2970}.Release|Any CPU.Build.0 = Release|Any CPU
	EndGlobalSection
	GlobalSection(SolutionProperties) = preSolution
		HideSolutionNode = FALSE
	EndGlobalSection
	GlobalSection(ExtensibilityGlobals) = postSolution
		SolutionGuid = {BA17B9C8-D37B-4ACC-A084-8F2F25615B94}
	EndGlobalSection
EndGlobal
